{
  "pins" : [
    {
      "identity" : "swiftlogger",
      "kind" : "remoteSourceControl",
      "location" : "https://github.com/0xSiddhant/SwiftLogger.git",
      "state" : {
        "branch" : "main",
        "revision" : "31d61d7ecb352cfb9618775018ac770046fe487b"
      }
    }
  ],
  "version" : 2
}
